
Microsoft Visual Studio Solution File, Format Version 11.00
# Visual Studio 2010
Project("{8BC9CEB8-8B4A-11D0-8D11-00A0C91BC942}") = "Lab1_upg1", "Lab1_upg1\Lab1_upg1.vcxproj", "{AE92E7D2-1E21-4434-8F17-DA9C51C487E1}"
EndProject
Project("{8BC9CEB8-8B4A-11D0-8D11-00A0C91BC942}") = "Lab1_upg2", "Lab1_upg2\Lab1_upg2.vcxproj", "{CBB8C263-0629-4312-9A81-7946FAEEA72B}"
EndProject
Project("{8BC9CEB8-8B4A-11D0-8D11-00A0C91BC942}") = "Lab1_upg3", "Lab1_upg3\Lab1_upg3.vcxproj", "{883A3DBD-8A4A-47AD-A70C-5B22836A3A9B}"
EndProject
Project("{8BC9CEB8-8B4A-11D0-8D11-00A0C91BC942}") = "Lab1_upg4a", "Lab1_upg4a\Lab1_upg4a.vcxproj", "{1139FA3D-BE2B-42AC-A804-31F822034030}"
EndProject
Global
	GlobalSection(SubversionScc) = preSolution
		Svn-Managed = True
		Manager = AnkhSVN - Subversion Support for Visual Studio
	EndGlobalSection
	GlobalSection(SolutionConfigurationPlatforms) = preSolution
		Debug|Win32 = Debug|Win32
		Release|Win32 = Release|Win32
	EndGlobalSection
	GlobalSection(ProjectConfigurationPlatforms) = postSolution
		{AE92E7D2-1E21-4434-8F17-DA9C51C487E1}.Debug|Win32.ActiveCfg = Debug|Win32
		{AE92E7D2-1E21-4434-8F17-DA9C51C487E1}.Debug|Win32.Build.0 = Debug|Win32
		{AE92E7D2-1E21-4434-8F17-DA9C51C487E1}.Release|Win32.ActiveCfg = Release|Win32
		{AE92E7D2-1E21-4434-8F17-DA9C51C487E1}.Release|Win32.Build.0 = Release|Win32
		{CBB8C263-0629-4312-9A81-7946FAEEA72B}.Debug|Win32.ActiveCfg = Debug|Win32
		{CBB8C263-0629-4312-9A81-7946FAEEA72B}.Debug|Win32.Build.0 = Debug|Win32
		{CBB8C263-0629-4312-9A81-7946FAEEA72B}.Release|Win32.ActiveCfg = Release|Win32
		{CBB8C263-0629-4312-9A81-7946FAEEA72B}.Release|Win32.Build.0 = Release|Win32
		{883A3DBD-8A4A-47AD-A70C-5B22836A3A9B}.Debug|Win32.ActiveCfg = Debug|Win32
		{883A3DBD-8A4A-47AD-A70C-5B22836A3A9B}.Debug|Win32.Build.0 = Debug|Win32
		{883A3DBD-8A4A-47AD-A70C-5B22836A3A9B}.Release|Win32.ActiveCfg = Release|Win32
		{883A3DBD-8A4A-47AD-A70C-5B22836A3A9B}.Release|Win32.Build.0 = Release|Win32
		{1139FA3D-BE2B-42AC-A804-31F822034030}.Debug|Win32.ActiveCfg = Debug|Win32
		{1139FA3D-BE2B-42AC-A804-31F822034030}.Debug|Win32.Build.0 = Debug|Win32
		{1139FA3D-BE2B-42AC-A804-31F822034030}.Release|Win32.ActiveCfg = Release|Win32
		{1139FA3D-BE2B-42AC-A804-31F822034030}.Release|Win32.Build.0 = Release|Win32
	EndGlobalSection
	GlobalSection(SolutionProperties) = preSolution
		HideSolutionNode = FALSE
	EndGlobalSection
EndGlobal
