
Microsoft Visual Studio Solution File, Format Version 10.00
# Visual Studio 2008
Project("{8BC9CEB8-8B4A-11D0-8D11-00A0C91BC942}") = "lab1_upg4a", "lab1_upg4_3\lab1_upg4_3.vcproj", "{63FDBEED-A2C8-4C81-8E65-457DFE7CB1A0}"
EndProject
Project("{8BC9CEB8-8B4A-11D0-8D11-00A0C91BC942}") = "lab1_upg1", "lab1_upg1\lab1_upg1.vcproj", "{AE0F8895-A070-4FCF-AEBD-18F7B6EC1F5D}"
EndProject
Project("{8BC9CEB8-8B4A-11D0-8D11-00A0C91BC942}") = "lab1_upg2", "lab1_upg2\lab1_upg2.vcproj", "{15407090-B40E-4822-9B27-0136FBDF9EEE}"
EndProject
Project("{8BC9CEB8-8B4A-11D0-8D11-00A0C91BC942}") = "lab1_upg3", "lab1_upg3\lab1_upg3.vcproj", "{65DDF58F-DE2E-4DF1-803A-902199751FEE}"
EndProject
Global
	GlobalSection(SubversionScc) = preSolution
		Svn-Managed = True
		Manager = AnkhSVN - Subversion Support for Visual Studio
	EndGlobalSection
	GlobalSection(SolutionConfigurationPlatforms) = preSolution
		Debug|Win32 = Debug|Win32
		Release|Win32 = Release|Win32
	EndGlobalSection
	GlobalSection(ProjectConfigurationPlatforms) = postSolution
		{63FDBEED-A2C8-4C81-8E65-457DFE7CB1A0}.Debug|Win32.ActiveCfg = Debug|Win32
		{63FDBEED-A2C8-4C81-8E65-457DFE7CB1A0}.Debug|Win32.Build.0 = Debug|Win32
		{63FDBEED-A2C8-4C81-8E65-457DFE7CB1A0}.Release|Win32.ActiveCfg = Release|Win32
		{63FDBEED-A2C8-4C81-8E65-457DFE7CB1A0}.Release|Win32.Build.0 = Release|Win32
		{AE0F8895-A070-4FCF-AEBD-18F7B6EC1F5D}.Debug|Win32.ActiveCfg = Debug|Win32
		{AE0F8895-A070-4FCF-AEBD-18F7B6EC1F5D}.Debug|Win32.Build.0 = Debug|Win32
		{AE0F8895-A070-4FCF-AEBD-18F7B6EC1F5D}.Release|Win32.ActiveCfg = Release|Win32
		{AE0F8895-A070-4FCF-AEBD-18F7B6EC1F5D}.Release|Win32.Build.0 = Release|Win32
		{15407090-B40E-4822-9B27-0136FBDF9EEE}.Debug|Win32.ActiveCfg = Debug|Win32
		{15407090-B40E-4822-9B27-0136FBDF9EEE}.Debug|Win32.Build.0 = Debug|Win32
		{15407090-B40E-4822-9B27-0136FBDF9EEE}.Release|Win32.ActiveCfg = Release|Win32
		{15407090-B40E-4822-9B27-0136FBDF9EEE}.Release|Win32.Build.0 = Release|Win32
		{65DDF58F-DE2E-4DF1-803A-902199751FEE}.Debug|Win32.ActiveCfg = Debug|Win32
		{65DDF58F-DE2E-4DF1-803A-902199751FEE}.Debug|Win32.Build.0 = Debug|Win32
		{65DDF58F-DE2E-4DF1-803A-902199751FEE}.Release|Win32.ActiveCfg = Release|Win32
		{65DDF58F-DE2E-4DF1-803A-902199751FEE}.Release|Win32.Build.0 = Release|Win32
	EndGlobalSection
	GlobalSection(SolutionProperties) = preSolution
		HideSolutionNode = FALSE
	EndGlobalSection
EndGlobal
